// !$*UTF8*$!
{
	archiveVersion = 1;
	classes = {
	};
	objectVersion = 56;
	objects = {

/* Begin PBXBuildFile section */
		ADD5D72C296DA6A800222450 /* Contact.swift in Sources */ = {isa = PBXBuildFile; fileRef = ADD5D72B296DA6A800222450 /* Contact.swift */; };
		ADD5D72E296DA8E100222450 /* TableExtension.swift in Sources */ = {isa = PBXBuildFile; fileRef = ADD5D72D296DA8E100222450 /* TableExtension.swift */; };
		ADD5D730296DC0F800222450 /* ContactDataSource.swift in Sources */ = {isa = PBXBuildFile; fileRef = ADD5D72F296DC0F800222450 /* ContactDataSource.swift */; };
		ADD5D733296E0CA200222450 /* Model.xcdatamodeld in Sources */ = {isa = PBXBuildFile; fileRef = ADD5D731296E0CA200222450 /* Model.xcdatamodeld */; };
		ADD6E176296CF6AD00D431C9 /* AppDelegate.swift in Sources */ = {isa = PBXBuildFile; fileRef = ADD6E175296CF6AD00D431C9 /* AppDelegate.swift */; };
		ADD6E178296CF6AD00D431C9 /* SceneDelegate.swift in Sources */ = {isa = PBXBuildFile; fileRef = ADD6E177296CF6AD00D431C9 /* SceneDelegate.swift */; };
		ADD6E17A296CF6AD00D431C9 /* ViewController.swift in Sources */ = {isa = PBXBuildFile; fileRef = ADD6E179296CF6AD00D431C9 /* ViewController.swift */; };
		ADD6E17D296CF6AD00D431C9 /* Main.storyboard in Resources */ = {isa = PBXBuildFile; fileRef = ADD6E17B296CF6AD00D431C9 /* Main.storyboard */; };
		ADD6E17F296CF6AE00D431C9 /* Assets.xcassets in Resources */ = {isa = PBXBuildFile; fileRef = ADD6E17E296CF6AE00D431C9 /* Assets.xcassets */; };
		ADD6E182296CF6AE00D431C9 /* LaunchScreen.storyboard in Resources */ = {isa = PBXBuildFile; fileRef = ADD6E180296CF6AE00D431C9 /* LaunchScreen.storyboard */; };
		ADD6E18E296D9E9E00D431C9 /* ContactDetailController.swift in Sources */ = {isa = PBXBuildFile; fileRef = ADD6E18D296D9E9E00D431C9 /* ContactDetailController.swift */; };
		ADD6E190296D9F4B00D431C9 /* CreationContactController.swift in Sources */ = {isa = PBXBuildFile; fileRef = ADD6E18F296D9F4B00D431C9 /* CreationContactController.swift */; };
/* End PBXBuildFile section */

/* Begin PBXFileReference section */
		ADD5D72B296DA6A800222450 /* Contact.swift */ = {isa = PBXFileReference; lastKnownFileType = sourcecode.swift; path = Contact.swift; sourceTree = "<group>"; };
		ADD5D72D296DA8E100222450 /* TableExtension.swift */ = {isa = PBXFileReference; lastKnownFileType = sourcecode.swift; path = TableExtension.swift; sourceTree = "<group>"; };
		ADD5D72F296DC0F800222450 /* ContactDataSource.swift */ = {isa = PBXFileReference; lastKnownFileType = sourcecode.swift; path = ContactDataSource.swift; sourceTree = "<group>"; };
		ADD5D732296E0CA200222450 /* Model.xcdatamodel */ = {isa = PBXFileReference; lastKnownFileType = wrapper.xcdatamodel; path = Model.xcdatamodel; sourceTree = "<group>"; };
		ADD6E172296CF6AD00D431C9 /* ContactEntry.app */ = {isa = PBXFileReference; explicitFileType = wrapper.application; includeInIndex = 0; path = ContactEntry.app; sourceTree = BUILT_PRODUCTS_DIR; };
		ADD6E175296CF6AD00D431C9 /* AppDelegate.swift */ = {isa = PBXFileReference; lastKnownFileType = sourcecode.swift; path = AppDelegate.swift; sourceTree = "<group>"; };
		ADD6E177296CF6AD00D431C9 /* SceneDelegate.swift */ = {isa = PBXFileReference; lastKnownFileType = sourcecode.swift; path = SceneDelegate.swift; sourceTree = "<group>"; };
		ADD6E179296CF6AD00D431C9 /* ViewController.swift */ = {isa = PBXFileReference; lastKnownFileType = sourcecode.swift; path = ViewController.swift; sourceTree = "<group>"; };
		ADD6E17C296CF6AD00D431C9 /* Base */ = {isa = PBXFileReference; lastKnownFileType = file.storyboard; name = Base; path = Base.lproj/Main.storyboard; sourceTree = "<group>"; };
		ADD6E17E296CF6AE00D431C9 /* Assets.xcassets */ = {isa = PBXFileReference; lastKnownFileType = folder.assetcatalog; path = Assets.xcassets; sourceTree = "<group>"; };
		ADD6E181296CF6AE00D431C9 /* Base */ = {isa = PBXFileReference; lastKnownFileType = file.storyboard; name = Base; path = Base.lproj/LaunchScreen.storyboard; sourceTree = "<group>"; };
		ADD6E183296CF6AE00D431C9 /* Info.plist */ = {isa = PBXFileReference; lastKnownFileType = text.plist.xml; path = Info.plist; sourceTree = "<group>"; };
		ADD6E18D296D9E9E00D431C9 /* ContactDetailController.swift */ = {isa = PBXFileReference; lastKnownFileType = sourcecode.swift; path = ContactDetailController.swift; sourceTree = "<group>"; };
		ADD6E18F296D9F4B00D431C9 /* CreationContactController.swift */ = {isa = PBXFileReference; lastKnownFileType = sourcecode.swift; path = CreationContactController.swift; sourceTree = "<group>"; };
/* End PBXFileReference section */

/* Begin PBXFrameworksBuildPhase section */
		ADD6E16F296CF6AD00D431C9 /* Frameworks */ = {
			isa = PBXFrameworksBuildPhase;
			buildActionMask = 2147483647;
			files = (
			);
			runOnlyForDeploymentPostprocessing = 0;
		};
/* End PBXFrameworksBuildPhase section */

/* Begin PBXGroup section */
		ADD6E169296CF6AD00D431C9 = {
			isa = PBXGroup;
			children = (
				ADD5D731296E0CA200222450 /* Model.xcdatamodeld */,
				ADD6E174296CF6AD00D431C9 /* ContactEntry */,
				ADD6E173296CF6AD00D431C9 /* Products */,
			);
			sourceTree = "<group>";
		};
		ADD6E173296CF6AD00D431C9 /* Products */ = {
			isa = PBXGroup;
			children = (
				ADD6E172296CF6AD00D431C9 /* ContactEntry.app */,
			);
			name = Products;
			sourceTree = "<group>";
		};
		ADD6E174296CF6AD00D431C9 /* ContactEntry */ = {
			isa = PBXGroup;
			children = (
				ADD6E189296CF6CD00D431C9 /* Model */,
				ADD6E18A296CF78000D431C9 /* View */,
				ADD6E18C296CF7AD00D431C9 /* Controller */,
				ADD6E175296CF6AD00D431C9 /* AppDelegate.swift */,
				ADD6E177296CF6AD00D431C9 /* SceneDelegate.swift */,
				ADD6E17E296CF6AE00D431C9 /* Assets.xcassets */,
				ADD6E180296CF6AE00D431C9 /* LaunchScreen.storyboard */,
				ADD6E183296CF6AE00D431C9 /* Info.plist */,
			);
			path = ContactEntry;
			sourceTree = "<group>";
		};
		ADD6E189296CF6CD00D431C9 /* Model */ = {
			isa = PBXGroup;
			children = (
				ADD5D72B296DA6A800222450 /* Contact.swift */,
				ADD5D72F296DC0F800222450 /* ContactDataSource.swift */,
			);
			path = Model;
			sourceTree = "<group>";
		};
		ADD6E18A296CF78000D431C9 /* View */ = {
			isa = PBXGroup;
			children = (
				ADD6E17B296CF6AD00D431C9 /* Main.storyboard */,
			);
			path = View;
			sourceTree = "<group>";
		};
		ADD6E18C296CF7AD00D431C9 /* Controller */ = {
			isa = PBXGroup;
			children = (
				ADD6E179296CF6AD00D431C9 /* ViewController.swift */,
				ADD6E18D296D9E9E00D431C9 /* ContactDetailController.swift */,
				ADD6E18F296D9F4B00D431C9 /* CreationContactController.swift */,
				ADD5D72D296DA8E100222450 /* TableExtension.swift */,
			);
			path = Controller;
			sourceTree = "<group>";
		};
/* End PBXGroup section */

/* Begin PBXNativeTarget section */
		ADD6E171296CF6AD00D431C9 /* ContactEntry */ = {
			isa = PBXNativeTarget;
			buildConfigurationList = ADD6E186296CF6AE00D431C9 /* Build configuration list for PBXNativeTarget "ContactEntry" */;
			buildPhases = (
				ADD6E16E296CF6AD00D431C9 /* Sources */,
				ADD6E16F296CF6AD00D431C9 /* Frameworks */,
				ADD6E170296CF6AD00D431C9 /* Resources */,
			);
			buildRules = (
			);
			dependencies = (
			);
			name = ContactEntry;
			productName = ContactEntry;
			productReference = ADD6E172296CF6AD00D431C9 /* ContactEntry.app */;
			productType = "com.apple.product-type.application";
		};
/* End PBXNativeTarget section */

/* Begin PBXProject section */
		ADD6E16A296CF6AD00D431C9 /* Project object */ = {
			isa = PBXProject;
			attributes = {
				BuildIndependentTargetsInParallel = 1;
				LastSwiftUpdateCheck = 1420;
				LastUpgradeCheck = 1420;
				TargetAttributes = {
					ADD6E171296CF6AD00D431C9 = {
						CreatedOnToolsVersion = 14.2;
					};
				};
			};
			buildConfigurationList = ADD6E16D296CF6AD00D431C9 /* Build configuration list for PBXProject "ContactEntry" */;
			compatibilityVersion = "Xcode 14.0";
			developmentRegion = en;
			hasScannedForEncodings = 0;
			knownRegions = (
				en,
				Base,
			);
			mainGroup = ADD6E169296CF6AD00D431C9;
			productRefGroup = ADD6E173296CF6AD00D431C9 /* Products */;
			projectDirPath = "";
			projectRoot = "";
			targets = (
				ADD6E171296CF6AD00D431C9 /* ContactEntry */,
			);
		};
/* End PBXProject section */

/* Begin PBXResourcesBuildPhase section */
		ADD6E170296CF6AD00D431C9 /* Resources */ = {
			isa = PBXResourcesBuildPhase;
			buildActionMask = 2147483647;
			files = (
				ADD6E182296CF6AE00D431C9 /* LaunchScreen.storyboard in Resources */,
				ADD6E17F296CF6AE00D431C9 /* Assets.xcassets in Resources */,
				ADD6E17D296CF6AD00D431C9 /* Main.storyboard in Resources */,
			);
			runOnlyForDeploymentPostprocessing = 0;
		};
/* End PBXResourcesBuildPhase section */

/* Begin PBXSourcesBuildPhase section */
		ADD6E16E296CF6AD00D431C9 /* Sources */ = {
			isa = PBXSourcesBuildPhase;
			buildActionMask = 2147483647;
			files = (
				ADD5D730296DC0F800222450 /* ContactDataSource.swift in Sources */,
				ADD5D72C296DA6A800222450 /* Contact.swift in Sources */,
				ADD6E17A296CF6AD00D431C9 /* ViewController.swift in Sources */,
				ADD6E176296CF6AD00D431C9 /* AppDelegate.swift in Sources */,
				ADD6E178296CF6AD00D431C9 /* SceneDelegate.swift in Sources */,
				ADD5D733296E0CA200222450 /* Model.xcdatamodeld in Sources */,
				ADD5D72E296DA8E100222450 /* TableExtension.swift in Sources */,
				ADD6E18E296D9E9E00D431C9 /* ContactDetailController.swift in Sources */,
				ADD6E190296D9F4B00D431C9 /* CreationContactController.swift in Sources */,
			);
			runOnlyForDeploymentPostprocessing = 0;
		};
/* End PBXSourcesBuildPhase section */

/* Begin PBXVariantGroup section */
		ADD6E17B296CF6AD00D431C9 /* Main.storyboard */ = {
			isa = PBXVariantGroup;
			children = (
				ADD6E17C296CF6AD00D431C9 /* Base */,
			);
			name = Main.storyboard;
			sourceTree = "<group>";
		};
		ADD6E180296CF6AE00D431C9 /* LaunchScreen.storyboard */ = {
			isa = PBXVariantGroup;
			children = (
				ADD6E181296CF6AE00D431C9 /* Base */,
			);
			name = LaunchScreen.storyboard;
			sourceTree = "<group>";
		};
/* End PBXVariantGroup section */

/* Begin XCBuildConfiguration section */
		ADD6E184296CF6AE00D431C9 /* Debug */ = {
			isa = XCBuildConfiguration;
			buildSettings = {
				ALWAYS_SEARCH_USER_PATHS = NO;
				CLANG_ANALYZER_NONNULL = YES;
				CLANG_ANALYZER_NUMBER_OBJECT_CONVERSION = YES_AGGRESSIVE;
				CLANG_CXX_LANGUAGE_STANDARD = "gnu++20";
				CLANG_ENABLE_MODULES = YES;
				CLANG_ENABLE_OBJC_ARC = YES;
				CLANG_ENABLE_OBJC_WEAK = YES;
				CLANG_WARN_BLOCK_CAPTURE_AUTORELEASING = YES;
				CLANG_WARN_BOOL_CONVERSION = YES;
				CLANG_WARN_COMMA = YES;
				CLANG_WARN_CONSTANT_CONVERSION = YES;
				CLANG_WARN_DEPRECATED_OBJC_IMPLEMENTATIONS = YES;
				CLANG_WARN_DIRECT_OBJC_ISA_USAGE = YES_ERROR;
				CLANG_WARN_DOCUMENTATION_COMMENTS = YES;
				CLANG_WARN_EMPTY_BODY = YES;
				CLANG_WARN_ENUM_CONVERSION = YES;
				CLANG_WARN_INFINITE_RECURSION = YES;
				CLANG_WARN_INT_CONVERSION = YES;
				CLANG_WARN_NON_LITERAL_NULL_CONVERSION = YES;
				CLANG_WARN_OBJC_IMPLICIT_RETAIN_SELF = YES;
				CLANG_WARN_OBJC_LITERAL_CONVERSION = YES;
				CLANG_WARN_OBJC_ROOT_CLASS = YES_ERROR;
				CLANG_WARN_QUOTED_INCLUDE_IN_FRAMEWORK_HEADER = YES;
				CLANG_WARN_RANGE_LOOP_ANALYSIS = YES;
				CLANG_WARN_STRICT_PROTOTYPES = YES;
				CLANG_WARN_SUSPICIOUS_MOVE = YES;
				CLANG_WARN_UNGUARDED_AVAILABILITY = YES_AGGRESSIVE;
				CLANG_WARN_UNREACHABLE_CODE = YES;
				CLANG_WARN__DUPLICATE_METHOD_MATCH = YES;
				COPY_PHASE_STRIP = NO;
				DEBUG_INFORMATION_FORMAT = dwarf;
				ENABLE_STRICT_OBJC_MSGSEND = YES;
				ENABLE_TESTABILITY = YES;
				GCC_C_LANGUAGE_STANDARD = gnu11;
				GCC_DYNAMIC_NO_PIC = NO;
				GCC_NO_COMMON_BLOCKS = YES;
				GCC_OPTIMIZATION_LEVEL = 0;
				GCC_PREPROCESSOR_DEFINITIONS = (
					"DEBUG=1",
					"$(inherited)",
				);
				GCC_WARN_64_TO_32_BIT_CONVERSION = YES;
				GCC_WARN_ABOUT_RETURN_TYPE = YES_ERROR;
				GCC_WARN_UNDECLARED_SELECTOR = YES;
				GCC_WARN_UNINITIALIZED_AUTOS = YES_AGGRESSIVE;
				GCC_WARN_UNUSED_FUNCTION = YES;
				GCC_WARN_UNUSED_VARIABLE = YES;
				IPHONEOS_DEPLOYMENT_TARGET = 16.2;
				MTL_ENABLE_DEBUG_INFO = INCLUDE_SOURCE;
				MTL_FAST_MATH = YES;
				ONLY_ACTIVE_ARCH = YES;
				SDKROOT = iphoneos;
				SWIFT_ACTIVE_COMPILATION_CONDITIONS = DEBUG;
				SWIFT_OPTIMIZATION_LEVEL = "-Onone";
			};
			name = Debug;
		};
		ADD6E185296CF6AE00D431C9 /* Release */ = {
			isa = XCBuildConfiguration;
			buildSettings = {
				ALWAYS_SEARCH_USER_PATHS = NO;
				CLANG_ANALYZER_NONNULL = YES;
				CLANG_ANALYZER_NUMBER_OBJECT_CONVERSION = YES_AGGRESSIVE;
				CLANG_CXX_LANGUAGE_STANDARD = "gnu++20";
				CLANG_ENABLE_MODULES = YES;
				CLANG_ENABLE_OBJC_ARC = YES;
				CLANG_ENABLE_OBJC_WEAK = YES;
				CLANG_WARN_BLOCK_CAPTURE_AUTORELEASING = YES;
				CLANG_WARN_BOOL_CONVERSION = YES;
				CLANG_WARN_COMMA = YES;
				CLANG_WARN_CONSTANT_CONVERSION = YES;
				CLANG_WARN_DEPRECATED_OBJC_IMPLEMENTATIONS = YES;
				CLANG_WARN_DIRECT_OBJC_ISA_USAGE = YES_ERROR;
				CLANG_WARN_DOCUMENTATION_COMMENTS = YES;
				CLANG_WARN_EMPTY_BODY = YES;
				CLANG_WARN_ENUM_CONVERSION = YES;
				CLANG_WARN_INFINITE_RECURSION = YES;
				CLANG_WARN_INT_CONVERSION = YES;
				CLANG_WARN_NON_LITERAL_NULL_CONVERSION = YES;
				CLANG_WARN_OBJC_IMPLICIT_RETAIN_SELF = YES;
				CLANG_WARN_OBJC_LITERAL_CONVERSION = YES;
				CLANG_WARN_OBJC_ROOT_CLASS = YES_ERROR;
				CLANG_WARN_QUOTED_INCLUDE_IN_FRAMEWORK_HEADER = YES;
				CLANG_WARN_RANGE_LOOP_ANALYSIS = YES;
				CLANG_WARN_STRICT_PROTOTYPES = YES;
				CLANG_WARN_SUSPICIOUS_MOVE = YES;
				CLANG_WARN_UNGUARDED_AVAILABILITY = YES_AGGRESSIVE;
				CLANG_WARN_UNREACHABLE_CODE = YES;
				CLANG_WARN__DUPLICATE_METHOD_MATCH = YES;
				COPY_PHASE_STRIP = NO;
				DEBUG_INFORMATION_FORMAT = "dwarf-with-dsym";
				ENABLE_NS_ASSERTIONS = NO;
				ENABLE_STRICT_OBJC_MSGSEND = YES;
				GCC_C_LANGUAGE_STANDARD = gnu11;
				GCC_NO_COMMON_BLOCKS = YES;
				GCC_WARN_64_TO_32_BIT_CONVERSION = YES;
				GCC_WARN_ABOUT_RETURN_TYPE = YES_ERROR;
				GCC_WARN_UNDECLARED_SELECTOR = YES;
				GCC_WARN_UNINITIALIZED_AUTOS = YES_AGGRESSIVE;
				GCC_WARN_UNUSED_FUNCTION = YES;
				GCC_WARN_UNUSED_VARIABLE = YES;
				IPHONEOS_DEPLOYMENT_TARGET = 16.2;
				MTL_ENABLE_DEBUG_INFO = NO;
				MTL_FAST_MATH = YES;
				SDKROOT = iphoneos;
				SWIFT_COMPILATION_MODE = wholemodule;
				SWIFT_OPTIMIZATION_LEVEL = "-O";
				VALIDATE_PRODUCT = YES;
			};
			name = Release;
		};
		ADD6E187296CF6AE00D431C9 /* Debug */ = {
			isa = XCBuildConfiguration;
			buildSettings = {
				ASSETCATALOG_COMPILER_APPICON_NAME = AppIcon;
				ASSETCATALOG_COMPILER_GLOBAL_ACCENT_COLOR_NAME = AccentColor;
				CODE_SIGN_STYLE = Automatic;
				CURRENT_PROJECT_VERSION = 1;
				DEVELOPMENT_TEAM = FEJDM95844;
				GENERATE_INFOPLIST_FILE = YES;
				INFOPLIST_FILE = ContactEntry/Info.plist;
				INFOPLIST_KEY_UIApplicationSupportsIndirectInputEvents = YES;
				INFOPLIST_KEY_UILaunchStoryboardName = LaunchScreen;
				INFOPLIST_KEY_UIMainStoryboardFile = Main;
				INFOPLIST_KEY_UISupportedInterfaceOrientations_iPad = "UIInterfaceOrientationPortrait UIInterfaceOrientationPortraitUpsideDown UIInterfaceOrientationLandscapeLeft UIInterfaceOrientationLandscapeRight";
				INFOPLIST_KEY_UISupportedInterfaceOrientations_iPhone = "UIInterfaceOrientationPortrait UIInterfaceOrientationLandscapeLeft UIInterfaceOrientationLandscapeRight";
				IPHONEOS_DEPLOYMENT_TARGET = 16.2;
				LD_RUNPATH_SEARCH_PATHS = (
					"$(inherited)",
					"@executable_path/Frameworks",
				);
				MARKETING_VERSION = 1.0;
				PRODUCT_BUNDLE_IDENTIFIER = com.salapp.ContactEntry;
				PRODUCT_NAME = "$(TARGET_NAME)";
				SWIFT_EMIT_LOC_STRINGS = YES;
				SWIFT_VERSION = 5.0;
				TARGETED_DEVICE_FAMILY = "1,2";
			};
			name = Debug;
		};
		ADD6E188296CF6AE00D431C9 /* Release */ = {
			isa = XCBuildConfiguration;
			buildSettings = {
				ASSETCATALOG_COMPILER_APPICON_NAME = AppIcon;
				ASSETCATALOG_COMPILER_GLOBAL_ACCENT_COLOR_NAME = AccentColor;
				CODE_SIGN_STYLE = Automatic;
				CURRENT_PROJECT_VERSION = 1;
				DEVELOPMENT_TEAM = FEJDM95844;
				GENERATE_INFOPLIST_FILE = YES;
				INFOPLIST_FILE = ContactEntry/Info.plist;
				INFOPLIST_KEY_UIApplicationSupportsIndirectInputEvents = YES;
				INFOPLIST_KEY_UILaunchStoryboardName = LaunchScreen;
				INFOPLIST_KEY_UIMainStoryboardFile = Main;
				INFOPLIST_KEY_UISupportedInterfaceOrientations_iPad = "UIInterfaceOrientationPortrait UIInterfaceOrientationPortraitUpsideDown UIInterfaceOrientationLandscapeLeft UIInterfaceOrientationLandscapeRight";
				INFOPLIST_KEY_UISupportedInterfaceOrientations_iPhone = "UIInterfaceOrientationPortrait UIInterfaceOrientationLandscapeLeft UIInterfaceOrientationLandscapeRight";
				IPHONEOS_DEPLOYMENT_TARGET = 16.2;
				LD_RUNPATH_SEARCH_PATHS = (
					"$(inherited)",
					"@executable_path/Frameworks",
				);
				MARKETING_VERSION = 1.0;
				PRODUCT_BUNDLE_IDENTIFIER = com.salapp.ContactEntry;
				PRODUCT_NAME = "$(TARGET_NAME)";
				SWIFT_EMIT_LOC_STRINGS = YES;
				SWIFT_VERSION = 5.0;
				TARGETED_DEVICE_FAMILY = "1,2";
			};
			name = Release;
		};
/* End XCBuildConfiguration section */

/* Begin XCConfigurationList section */
		ADD6E16D296CF6AD00D431C9 /* Build configuration list for PBXProject "ContactEntry" */ = {
			isa = XCConfigurationList;
			buildConfigurations = (
				ADD6E184296CF6AE00D431C9 /* Debug */,
				ADD6E185296CF6AE00D431C9 /* Release */,
			);
			defaultConfigurationIsVisible = 0;
			defaultConfigurationName = Release;
		};
		ADD6E186296CF6AE00D431C9 /* Build configuration list for PBXNativeTarget "ContactEntry" */ = {
			isa = XCConfigurationList;
			buildConfigurations = (
				ADD6E187296CF6AE00D431C9 /* Debug */,
				ADD6E188296CF6AE00D431C9 /* Release */,
			);
			defaultConfigurationIsVisible = 0;
			defaultConfigurationName = Release;
		};
/* End XCConfigurationList section */

/* Begin XCVersionGroup section */
		ADD5D731296E0CA200222450 /* Model.xcdatamodeld */ = {
			isa = XCVersionGroup;
			children = (
				ADD5D732296E0CA200222450 /* Model.xcdatamodel */,
			);
			currentVersion = ADD5D732296E0CA200222450 /* Model.xcdatamodel */;
			path = Model.xcdatamodeld;
			sourceTree = "<group>";
			versionGroupType = wrapper.xcdatamodel;
		};
/* End XCVersionGroup section */
	};
	rootObject = ADD6E16A296CF6AD00D431C9 /* Project object */;
}
